
Microsoft Visual Studio Solution File, Format Version 12.00
# Visual Studio Version 17
VisualStudioVersion = 17.0.31912.275
MinimumVisualStudioVersion = 10.0.40219.1
Project("{9A19103F-16F7-4668-BE54-9A1E7A4F7556}") = "Todo", "Todo\Todo.csproj", "{7CD08E58-716B-455C-B2BF-878CEBFBDF9B}"
EndProject
Project("{9A19103F-16F7-4668-BE54-9A1E7A4F7556}") = "Application", "Application\Application.csproj", "{782D4F12-6A6A-4B46-8D06-F96CBF8D5CF8}"
EndProject
Project("{9A19103F-16F7-4668-BE54-9A1E7A4F7556}") = "Domain", "Domain\Domain.csproj", "{0C91A7F4-AC9B-4261-84DB-D205C63B028A}"
EndProject
Project("{9A19103F-16F7-4668-BE54-9A1E7A4F7556}") = "Infrastructure", "Infrastructure\Infrastructure.csproj", "{2E05DC9B-B8D8-4AC8-8473-181DAE6CDE90}"
EndProject
Project("{FAE04EC0-301F-11D3-BF4B-00C04F79EFBC}") = "Tests", "Tests\Tests.csproj", "{732722BD-8C4D-42B2-AC93-ECA56AA3EDF1}"
EndProject
Global
	GlobalSection(SolutionConfigurationPlatforms) = preSolution
		Debug|Any CPU = Debug|Any CPU
		Release|Any CPU = Release|Any CPU
	EndGlobalSection
	GlobalSection(ProjectConfigurationPlatforms) = postSolution
		{7CD08E58-716B-455C-B2BF-878CEBFBDF9B}.Debug|Any CPU.ActiveCfg = Debug|Any CPU
		{7CD08E58-716B-455C-B2BF-878CEBFBDF9B}.Debug|Any CPU.Build.0 = Debug|Any CPU
		{7CD08E58-716B-455C-B2BF-878CEBFBDF9B}.Release|Any CPU.ActiveCfg = Release|Any CPU
		{7CD08E58-716B-455C-B2BF-878CEBFBDF9B}.Release|Any CPU.Build.0 = Release|Any CPU
		{782D4F12-6A6A-4B46-8D06-F96CBF8D5CF8}.Debug|Any CPU.ActiveCfg = Debug|Any CPU
		{782D4F12-6A6A-4B46-8D06-F96CBF8D5CF8}.Debug|Any CPU.Build.0 = Debug|Any CPU
		{782D4F12-6A6A-4B46-8D06-F96CBF8D5CF8}.Release|Any CPU.ActiveCfg = Release|Any CPU
		{782D4F12-6A6A-4B46-8D06-F96CBF8D5CF8}.Release|Any CPU.Build.0 = Release|Any CPU
		{0C91A7F4-AC9B-4261-84DB-D205C63B028A}.Debug|Any CPU.ActiveCfg = Debug|Any CPU
		{0C91A7F4-AC9B-4261-84DB-D205C63B028A}.Debug|Any CPU.Build.0 = Debug|Any CPU
		{0C91A7F4-AC9B-4261-84DB-D205C63B028A}.Release|Any CPU.ActiveCfg = Release|Any CPU
		{0C91A7F4-AC9B-4261-84DB-D205C63B028A}.Release|Any CPU.Build.0 = Release|Any CPU
		{2E05DC9B-B8D8-4AC8-8473-181DAE6CDE90}.Debug|Any CPU.ActiveCfg = Debug|Any CPU
		{2E05DC9B-B8D8-4AC8-8473-181DAE6CDE90}.Debug|Any CPU.Build.0 = Debug|Any CPU
		{2E05DC9B-B8D8-4AC8-8473-181DAE6CDE90}.Release|Any CPU.ActiveCfg = Release|Any CPU
		{2E05DC9B-B8D8-4AC8-8473-181DAE6CDE90}.Release|Any CPU.Build.0 = Release|Any CPU
		{732722BD-8C4D-42B2-AC93-ECA56AA3EDF1}.Debug|Any CPU.ActiveCfg = Debug|Any CPU
		{732722BD-8C4D-42B2-AC93-ECA56AA3EDF1}.Debug|Any CPU.Build.0 = Debug|Any CPU
		{732722BD-8C4D-42B2-AC93-ECA56AA3EDF1}.Release|Any CPU.ActiveCfg = Release|Any CPU
		{732722BD-8C4D-42B2-AC93-ECA56AA3EDF1}.Release|Any CPU.Build.0 = Release|Any CPU
	EndGlobalSection
	GlobalSection(SolutionProperties) = preSolution
		HideSolutionNode = FALSE
	EndGlobalSection
	GlobalSection(ExtensibilityGlobals) = postSolution
		SolutionGuid = {6F4D3A94-A9A0-4D08-810E-7FE0A4849C4A}
	EndGlobalSection
EndGlobal
